
Microsoft Visual Studio Solution File, Format Version 12.00
# Visual Studio 14
VisualStudioVersion = 14.0.25420.1
MinimumVisualStudioVersion = 10.0.40219.1
Project("{FAE04EC0-301F-11D3-BF4B-00C04F79EFBC}") = "UnitTestUsingMoq", "UnitTestUsingMoq\UnitTestUsingMoq.csproj", "{8739B0C8-2404-43EE-87D5-CB7D38C2B35A}"
EndProject
Project("{FAE04EC0-301F-11D3-BF4B-00C04F79EFBC}") = "UnitTestProject", "UnitTestProject\UnitTestProject.csproj", "{90587C29-2F71-4489-A8DA-E2657B13920D}"
EndProject
Global
	GlobalSection(SolutionConfigurationPlatforms) = preSolution
		Debug|Any CPU = Debug|Any CPU
		Release|Any CPU = Release|Any CPU
	EndGlobalSection
	GlobalSection(ProjectConfigurationPlatforms) = postSolution
		{8739B0C8-2404-43EE-87D5-CB7D38C2B35A}.Debug|Any CPU.ActiveCfg = Debug|Any CPU
		{8739B0C8-2404-43EE-87D5-CB7D38C2B35A}.Debug|Any CPU.Build.0 = Debug|Any CPU
		{8739B0C8-2404-43EE-87D5-CB7D38C2B35A}.Release|Any CPU.ActiveCfg = Release|Any CPU
		{8739B0C8-2404-43EE-87D5-CB7D38C2B35A}.Release|Any CPU.Build.0 = Release|Any CPU
		{90587C29-2F71-4489-A8DA-E2657B13920D}.Debug|Any CPU.ActiveCfg = Debug|Any CPU
		{90587C29-2F71-4489-A8DA-E2657B13920D}.Debug|Any CPU.Build.0 = Debug|Any CPU
		{90587C29-2F71-4489-A8DA-E2657B13920D}.Release|Any CPU.ActiveCfg = Release|Any CPU
		{90587C29-2F71-4489-A8DA-E2657B13920D}.Release|Any CPU.Build.0 = Release|Any CPU
	EndGlobalSection
	GlobalSection(SolutionProperties) = preSolution
		HideSolutionNode = FALSE
	EndGlobalSection
EndGlobal
